
Microsoft Visual Studio Solution File, Format Version 12.00
# Visual Studio Version 17
VisualStudioVersion = 17.0.31903.59
MinimumVisualStudioVersion = 10.0.40219.1
Project("{2150E333-8FDC-42A3-9474-1A3956D46DE8}") = "src", "src", "{150DEA94-8EE2-4847-B3E3-02046010F904}"
EndProject
Project("{FAE04EC0-301F-11D3-BF4B-00C04F79EFBC}") = "BookApi", "src\BookApi\BookApi.csproj", "{35404813-FD83-498F-84CD-899A67B4C092}"
EndProject
Project("{FAE04EC0-301F-11D3-BF4B-00C04F79EFBC}") = "DatabaseAccess", "src\DatabaseAccess\DatabaseAccess.csproj", "{FB260719-5F8A-4B8D-9564-EB3A9EA7A952}"
EndProject
Global
	GlobalSection(SolutionConfigurationPlatforms) = preSolution
		Debug|Any CPU = Debug|Any CPU
		Release|Any CPU = Release|Any CPU
	EndGlobalSection
	GlobalSection(SolutionProperties) = preSolution
		HideSolutionNode = FALSE
	EndGlobalSection
	GlobalSection(ProjectConfigurationPlatforms) = postSolution
		{35404813-FD83-498F-84CD-899A67B4C092}.Debug|Any CPU.ActiveCfg = Debug|Any CPU
		{35404813-FD83-498F-84CD-899A67B4C092}.Debug|Any CPU.Build.0 = Debug|Any CPU
		{35404813-FD83-498F-84CD-899A67B4C092}.Release|Any CPU.ActiveCfg = Release|Any CPU
		{35404813-FD83-498F-84CD-899A67B4C092}.Release|Any CPU.Build.0 = Release|Any CPU
		{FB260719-5F8A-4B8D-9564-EB3A9EA7A952}.Debug|Any CPU.ActiveCfg = Debug|Any CPU
		{FB260719-5F8A-4B8D-9564-EB3A9EA7A952}.Debug|Any CPU.Build.0 = Debug|Any CPU
		{FB260719-5F8A-4B8D-9564-EB3A9EA7A952}.Release|Any CPU.ActiveCfg = Release|Any CPU
		{FB260719-5F8A-4B8D-9564-EB3A9EA7A952}.Release|Any CPU.Build.0 = Release|Any CPU
	EndGlobalSection
	GlobalSection(NestedProjects) = preSolution
		{35404813-FD83-498F-84CD-899A67B4C092} = {150DEA94-8EE2-4847-B3E3-02046010F904}
		{FB260719-5F8A-4B8D-9564-EB3A9EA7A952} = {150DEA94-8EE2-4847-B3E3-02046010F904}
	EndGlobalSection
EndGlobal
