Microsoft Visual Studio Solution File, Format Version 12.00
# Visual Studio Version 17
VisualStudioVersion = 17.0.31903.59
MinimumVisualStudioVersion = 10.0.40219.1
Project("{FAE04EC0-301F-11D3-BF4B-00C04F79EFBC}") = "BookApi", "BookApi\BookApi.csproj", "{828069B1-C72E-41DA-985F-FFDEEA23AF39}"
EndProject
Project("{FAE04EC0-301F-11D3-BF4B-00C04F79EFBC}") = "DatabaseAccess", "DatabaseAccess\DatabaseAccess.csproj", "{BFD1BC05-98FE-4EA5-BC76-E434D30C0B69}"
EndProject
Global
	GlobalSection(SolutionConfigurationPlatforms) = preSolution
		Debug|Any CPU = Debug|Any CPU
		Release|Any CPU = Release|Any CPU
	EndGlobalSection
	GlobalSection(SolutionProperties) = preSolution
		HideSolutionNode = FALSE
	EndGlobalSection
	GlobalSection(ProjectConfigurationPlatforms) = postSolution
		{828069B1-C72E-41DA-985F-FFDEEA23AF39}.Debug|Any CPU.ActiveCfg = Debug|Any CPU
		{828069B1-C72E-41DA-985F-FFDEEA23AF39}.Debug|Any CPU.Build.0 = Debug|Any CPU
		{828069B1-C72E-41DA-985F-FFDEEA23AF39}.Release|Any CPU.ActiveCfg = Release|Any CPU
		{828069B1-C72E-41DA-985F-FFDEEA23AF39}.Release|Any CPU.Build.0 = Release|Any CPU
		{BFD1BC05-98FE-4EA5-BC76-E434D30C0B69}.Debug|Any CPU.ActiveCfg = Debug|Any CPU
		{BFD1BC05-98FE-4EA5-BC76-E434D30C0B69}.Debug|Any CPU.Build.0 = Debug|Any CPU
		{BFD1BC05-98FE-4EA5-BC76-E434D30C0B69}.Release|Any CPU.ActiveCfg = Release|Any CPU
		{BFD1BC05-98FE-4EA5-BC76-E434D30C0B69}.Release|Any CPU.Build.0 = Release|Any CPU
	EndGlobalSection
	GlobalSection(NestedProjects) = preSolution
	EndGlobalSection
EndGlobal
